
Microsoft Visual Studio Solution File, Format Version 12.00
# Visual Studio Version 16
VisualStudioVersion = 16.0.30011.22
MinimumVisualStudioVersion = 10.0.40219.1
Project("{FAE04EC0-301F-11D3-BF4B-00C04F79EFBC}") = "MusicApp.UWP", "MusicApp\MusicApp.UWP\MusicApp.UWP.csproj", "{FC874378-CED4-45FF-AE11-C72764075A6E}"
EndProject
Project("{FAE04EC0-301F-11D3-BF4B-00C04F79EFBC}") = "MusicApp.Android", "MusicApp\MusicApp.Android\MusicApp.Android.csproj", "{9CF6B902-C367-44DE-B733-D3439214F6D7}"
EndProject
Project("{FAE04EC0-301F-11D3-BF4B-00C04F79EFBC}") = "MusicApp.iOS", "MusicApp\MusicApp.iOS\MusicApp.iOS.csproj", "{1B1E1F04-D468-4903-967D-93E937FC349D}"
EndProject
Project("{FAE04EC0-301F-11D3-BF4B-00C04F79EFBC}") = "MusicApp", "MusicApp\MusicApp\MusicApp.csproj", "{312DD455-1C56-431F-8532-D6760348BC20}"
EndProject
Global
	GlobalSection(SolutionConfigurationPlatforms) = preSolution
		Debug|Any CPU = Debug|Any CPU
		Debug|ARM = Debug|ARM
		Debug|iPhone = Debug|iPhone
		Debug|iPhoneSimulator = Debug|iPhoneSimulator
		Debug|x64 = Debug|x64
		Debug|x86 = Debug|x86
		Release|Any CPU = Release|Any CPU
		Release|ARM = Release|ARM
		Release|iPhone = Release|iPhone
		Release|iPhoneSimulator = Release|iPhoneSimulator
		Release|x64 = Release|x64
		Release|x86 = Release|x86
	EndGlobalSection
	GlobalSection(ProjectConfigurationPlatforms) = postSolution
		{FC874378-CED4-45FF-AE11-C72764075A6E}.Debug|Any CPU.ActiveCfg = Debug|x86
		{FC874378-CED4-45FF-AE11-C72764075A6E}.Debug|Any CPU.Build.0 = Debug|x86
		{FC874378-CED4-45FF-AE11-C72764075A6E}.Debug|Any CPU.Deploy.0 = Debug|x86
		{FC874378-CED4-45FF-AE11-C72764075A6E}.Debug|ARM.ActiveCfg = Debug|ARM
		{FC874378-CED4-45FF-AE11-C72764075A6E}.Debug|ARM.Build.0 = Debug|ARM
		{FC874378-CED4-45FF-AE11-C72764075A6E}.Debug|ARM.Deploy.0 = Debug|ARM
		{FC874378-CED4-45FF-AE11-C72764075A6E}.Debug|iPhone.ActiveCfg = Debug|x86
		{FC874378-CED4-45FF-AE11-C72764075A6E}.Debug|iPhone.Build.0 = Debug|x86
		{FC874378-CED4-45FF-AE11-C72764075A6E}.Debug|iPhone.Deploy.0 = Debug|x86
		{FC874378-CED4-45FF-AE11-C72764075A6E}.Debug|iPhoneSimulator.ActiveCfg = Debug|x86
		{FC874378-CED4-45FF-AE11-C72764075A6E}.Debug|iPhoneSimulator.Build.0 = Debug|x86
		{FC874378-CED4-45FF-AE11-C72764075A6E}.Debug|iPhoneSimulator.Deploy.0 = Debug|x86
		{FC874378-CED4-45FF-AE11-C72764075A6E}.Debug|x64.ActiveCfg = Debug|x64
		{FC874378-CED4-45FF-AE11-C72764075A6E}.Debug|x64.Build.0 = Debug|x64
		{FC874378-CED4-45FF-AE11-C72764075A6E}.Debug|x64.Deploy.0 = Debug|x64
		{FC874378-CED4-45FF-AE11-C72764075A6E}.Debug|x86.ActiveCfg = Debug|x86
		{FC874378-CED4-45FF-AE11-C72764075A6E}.Debug|x86.Build.0 = Debug|x86
		{FC874378-CED4-45FF-AE11-C72764075A6E}.Debug|x86.Deploy.0 = Debug|x86
		{FC874378-CED4-45FF-AE11-C72764075A6E}.Release|Any CPU.ActiveCfg = Release|x86
		{FC874378-CED4-45FF-AE11-C72764075A6E}.Release|Any CPU.Build.0 = Release|x86
		{FC874378-CED4-45FF-AE11-C72764075A6E}.Release|Any CPU.Deploy.0 = Release|x86
		{FC874378-CED4-45FF-AE11-C72764075A6E}.Release|ARM.ActiveCfg = Release|ARM
		{FC874378-CED4-45FF-AE11-C72764075A6E}.Release|ARM.Build.0 = Release|ARM
		{FC874378-CED4-45FF-AE11-C72764075A6E}.Release|ARM.Deploy.0 = Release|ARM
		{FC874378-CED4-45FF-AE11-C72764075A6E}.Release|iPhone.ActiveCfg = Release|x86
		{FC874378-CED4-45FF-AE11-C72764075A6E}.Release|iPhone.Build.0 = Release|x86
		{FC874378-CED4-45FF-AE11-C72764075A6E}.Release|iPhone.Deploy.0 = Release|x86
		{FC874378-CED4-45FF-AE11-C72764075A6E}.Release|iPhoneSimulator.ActiveCfg = Release|x86
		{FC874378-CED4-45FF-AE11-C72764075A6E}.Release|iPhoneSimulator.Build.0 = Release|x86
		{FC874378-CED4-45FF-AE11-C72764075A6E}.Release|iPhoneSimulator.Deploy.0 = Release|x86
		{FC874378-CED4-45FF-AE11-C72764075A6E}.Release|x64.ActiveCfg = Release|x64
		{FC874378-CED4-45FF-AE11-C72764075A6E}.Release|x64.Build.0 = Release|x64
		{FC874378-CED4-45FF-AE11-C72764075A6E}.Release|x64.Deploy.0 = Release|x64
		{FC874378-CED4-45FF-AE11-C72764075A6E}.Release|x86.ActiveCfg = Release|x86
		{FC874378-CED4-45FF-AE11-C72764075A6E}.Release|x86.Build.0 = Release|x86
		{FC874378-CED4-45FF-AE11-C72764075A6E}.Release|x86.Deploy.0 = Release|x86
		{9CF6B902-C367-44DE-B733-D3439214F6D7}.Debug|Any CPU.ActiveCfg = Debug|Any CPU
		{9CF6B902-C367-44DE-B733-D3439214F6D7}.Debug|Any CPU.Build.0 = Debug|Any CPU
		{9CF6B902-C367-44DE-B733-D3439214F6D7}.Debug|Any CPU.Deploy.0 = Debug|Any CPU
		{9CF6B902-C367-44DE-B733-D3439214F6D7}.Debug|ARM.ActiveCfg = Debug|Any CPU
		{9CF6B902-C367-44DE-B733-D3439214F6D7}.Debug|ARM.Build.0 = Debug|Any CPU
		{9CF6B902-C367-44DE-B733-D3439214F6D7}.Debug|ARM.Deploy.0 = Debug|Any CPU
		{9CF6B902-C367-44DE-B733-D3439214F6D7}.Debug|iPhone.ActiveCfg = Debug|Any CPU
		{9CF6B902-C367-44DE-B733-D3439214F6D7}.Debug|iPhone.Build.0 = Debug|Any CPU
		{9CF6B902-C367-44DE-B733-D3439214F6D7}.Debug|iPhone.Deploy.0 = Debug|Any CPU
		{9CF6B902-C367-44DE-B733-D3439214F6D7}.Debug|iPhoneSimulator.ActiveCfg = Debug|Any CPU
		{9CF6B902-C367-44DE-B733-D3439214F6D7}.Debug|iPhoneSimulator.Build.0 = Debug|Any CPU
		{9CF6B902-C367-44DE-B733-D3439214F6D7}.Debug|iPhoneSimulator.Deploy.0 = Debug|Any CPU
		{9CF6B902-C367-44DE-B733-D3439214F6D7}.Debug|x64.ActiveCfg = Debug|Any CPU
		{9CF6B902-C367-44DE-B733-D3439214F6D7}.Debug|x64.Build.0 = Debug|Any CPU
		{9CF6B902-C367-44DE-B733-D3439214F6D7}.Debug|x64.Deploy.0 = Debug|Any CPU
		{9CF6B902-C367-44DE-B733-D3439214F6D7}.Debug|x86.ActiveCfg = Debug|Any CPU
		{9CF6B902-C367-44DE-B733-D3439214F6D7}.Debug|x86.Build.0 = Debug|Any CPU
		{9CF6B902-C367-44DE-B733-D3439214F6D7}.Debug|x86.Deploy.0 = Debug|Any CPU
		{9CF6B902-C367-44DE-B733-D3439214F6D7}.Release|Any CPU.ActiveCfg = Release|Any CPU
		{9CF6B902-C367-44DE-B733-D3439214F6D7}.Release|Any CPU.Build.0 = Release|Any CPU
		{9CF6B902-C367-44DE-B733-D3439214F6D7}.Release|Any CPU.Deploy.0 = Release|Any CPU
		{9CF6B902-C367-44DE-B733-D3439214F6D7}.Release|ARM.ActiveCfg = Release|Any CPU
		{9CF6B902-C367-44DE-B733-D3439214F6D7}.Release|ARM.Build.0 = Release|Any CPU
		{9CF6B902-C367-44DE-B733-D3439214F6D7}.Release|ARM.Deploy.0 = Release|Any CPU
		{9CF6B902-C367-44DE-B733-D3439214F6D7}.Release|iPhone.ActiveCfg = Release|Any CPU
		{9CF6B902-C367-44DE-B733-D3439214F6D7}.Release|iPhone.Build.0 = Release|Any CPU
		{9CF6B902-C367-44DE-B733-D3439214F6D7}.Release|iPhone.Deploy.0 = Release|Any CPU
		{9CF6B902-C367-44DE-B733-D3439214F6D7}.Release|iPhoneSimulator.ActiveCfg = Release|Any CPU
		{9CF6B902-C367-44DE-B733-D3439214F6D7}.Release|iPhoneSimulator.Build.0 = Release|Any CPU
		{9CF6B902-C367-44DE-B733-D3439214F6D7}.Release|iPhoneSimulator.Deploy.0 = Release|Any CPU
		{9CF6B902-C367-44DE-B733-D3439214F6D7}.Release|x64.ActiveCfg = Release|Any CPU
		{9CF6B902-C367-44DE-B733-D3439214F6D7}.Release|x64.Build.0 = Release|Any CPU
		{9CF6B902-C367-44DE-B733-D3439214F6D7}.Release|x64.Deploy.0 = Release|Any CPU
		{9CF6B902-C367-44DE-B733-D3439214F6D7}.Release|x86.ActiveCfg = Release|Any CPU
		{9CF6B902-C367-44DE-B733-D3439214F6D7}.Release|x86.Build.0 = Release|Any CPU
		{9CF6B902-C367-44DE-B733-D3439214F6D7}.Release|x86.Deploy.0 = Release|Any CPU
		{1B1E1F04-D468-4903-967D-93E937FC349D}.Debug|Any CPU.ActiveCfg = Debug|iPhone
		{1B1E1F04-D468-4903-967D-93E937FC349D}.Debug|Any CPU.Build.0 = Debug|iPhone
		{1B1E1F04-D468-4903-967D-93E937FC349D}.Debug|Any CPU.Deploy.0 = Debug|iPhone
		{1B1E1F04-D468-4903-967D-93E937FC349D}.Debug|ARM.ActiveCfg = Debug|iPhone
		{1B1E1F04-D468-4903-967D-93E937FC349D}.Debug|ARM.Build.0 = Debug|iPhone
		{1B1E1F04-D468-4903-967D-93E937FC349D}.Debug|ARM.Deploy.0 = Debug|iPhone
		{1B1E1F04-D468-4903-967D-93E937FC349D}.Debug|iPhone.ActiveCfg = Debug|iPhone
		{1B1E1F04-D468-4903-967D-93E937FC349D}.Debug|iPhone.Build.0 = Debug|iPhone
		{1B1E1F04-D468-4903-967D-93E937FC349D}.Debug|iPhone.Deploy.0 = Debug|iPhone
		{1B1E1F04-D468-4903-967D-93E937FC349D}.Debug|iPhoneSimulator.ActiveCfg = Debug|iPhoneSimulator
		{1B1E1F04-D468-4903-967D-93E937FC349D}.Debug|iPhoneSimulator.Build.0 = Debug|iPhoneSimulator
		{1B1E1F04-D468-4903-967D-93E937FC349D}.Debug|iPhoneSimulator.Deploy.0 = Debug|iPhoneSimulator
		{1B1E1F04-D468-4903-967D-93E937FC349D}.Debug|x64.ActiveCfg = Debug|iPhone
		{1B1E1F04-D468-4903-967D-93E937FC349D}.Debug|x64.Build.0 = Debug|iPhone
		{1B1E1F04-D468-4903-967D-93E937FC349D}.Debug|x64.Deploy.0 = Debug|iPhone
		{1B1E1F04-D468-4903-967D-93E937FC349D}.Debug|x86.ActiveCfg = Debug|iPhone
		{1B1E1F04-D468-4903-967D-93E937FC349D}.Debug|x86.Build.0 = Debug|iPhone
		{1B1E1F04-D468-4903-967D-93E937FC349D}.Debug|x86.Deploy.0 = Debug|iPhone
		{1B1E1F04-D468-4903-967D-93E937FC349D}.Release|Any CPU.ActiveCfg = Release|iPhone
		{1B1E1F04-D468-4903-967D-93E937FC349D}.Release|Any CPU.Build.0 = Release|iPhone
		{1B1E1F04-D468-4903-967D-93E937FC349D}.Release|Any CPU.Deploy.0 = Release|iPhone
		{1B1E1F04-D468-4903-967D-93E937FC349D}.Release|ARM.ActiveCfg = Release|iPhone
		{1B1E1F04-D468-4903-967D-93E937FC349D}.Release|ARM.Build.0 = Release|iPhone
		{1B1E1F04-D468-4903-967D-93E937FC349D}.Release|ARM.Deploy.0 = Release|iPhone
		{1B1E1F04-D468-4903-967D-93E937FC349D}.Release|iPhone.ActiveCfg = Release|iPhone
		{1B1E1F04-D468-4903-967D-93E937FC349D}.Release|iPhone.Build.0 = Release|iPhone
		{1B1E1F04-D468-4903-967D-93E937FC349D}.Release|iPhone.Deploy.0 = Release|iPhone
		{1B1E1F04-D468-4903-967D-93E937FC349D}.Release|iPhoneSimulator.ActiveCfg = Release|iPhoneSimulator
		{1B1E1F04-D468-4903-967D-93E937FC349D}.Release|iPhoneSimulator.Build.0 = Release|iPhoneSimulator
		{1B1E1F04-D468-4903-967D-93E937FC349D}.Release|iPhoneSimulator.Deploy.0 = Release|iPhoneSimulator
		{1B1E1F04-D468-4903-967D-93E937FC349D}.Release|x64.ActiveCfg = Release|iPhone
		{1B1E1F04-D468-4903-967D-93E937FC349D}.Release|x64.Build.0 = Release|iPhone
		{1B1E1F04-D468-4903-967D-93E937FC349D}.Release|x64.Deploy.0 = Release|iPhone
		{1B1E1F04-D468-4903-967D-93E937FC349D}.Release|x86.ActiveCfg = Release|iPhone
		{1B1E1F04-D468-4903-967D-93E937FC349D}.Release|x86.Build.0 = Release|iPhone
		{1B1E1F04-D468-4903-967D-93E937FC349D}.Release|x86.Deploy.0 = Release|iPhone
		{312DD455-1C56-431F-8532-D6760348BC20}.Debug|Any CPU.ActiveCfg = Debug|Any CPU
		{312DD455-1C56-431F-8532-D6760348BC20}.Debug|Any CPU.Build.0 = Debug|Any CPU
		{312DD455-1C56-431F-8532-D6760348BC20}.Debug|Any CPU.Deploy.0 = Debug|Any CPU
		{312DD455-1C56-431F-8532-D6760348BC20}.Debug|ARM.ActiveCfg = Debug|Any CPU
		{312DD455-1C56-431F-8532-D6760348BC20}.Debug|ARM.Build.0 = Debug|Any CPU
		{312DD455-1C56-431F-8532-D6760348BC20}.Debug|ARM.Deploy.0 = Debug|Any CPU
		{312DD455-1C56-431F-8532-D6760348BC20}.Debug|iPhone.ActiveCfg = Debug|Any CPU
		{312DD455-1C56-431F-8532-D6760348BC20}.Debug|iPhone.Build.0 = Debug|Any CPU
		{312DD455-1C56-431F-8532-D6760348BC20}.Debug|iPhone.Deploy.0 = Debug|Any CPU
		{312DD455-1C56-431F-8532-D6760348BC20}.Debug|iPhoneSimulator.ActiveCfg = Debug|Any CPU
		{312DD455-1C56-431F-8532-D6760348BC20}.Debug|iPhoneSimulator.Build.0 = Debug|Any CPU
		{312DD455-1C56-431F-8532-D6760348BC20}.Debug|iPhoneSimulator.Deploy.0 = Debug|Any CPU
		{312DD455-1C56-431F-8532-D6760348BC20}.Debug|x64.ActiveCfg = Debug|Any CPU
		{312DD455-1C56-431F-8532-D6760348BC20}.Debug|x64.Build.0 = Debug|Any CPU
		{312DD455-1C56-431F-8532-D6760348BC20}.Debug|x64.Deploy.0 = Debug|Any CPU
		{312DD455-1C56-431F-8532-D6760348BC20}.Debug|x86.ActiveCfg = Debug|Any CPU
		{312DD455-1C56-431F-8532-D6760348BC20}.Debug|x86.Build.0 = Debug|Any CPU
		{312DD455-1C56-431F-8532-D6760348BC20}.Debug|x86.Deploy.0 = Debug|Any CPU
		{312DD455-1C56-431F-8532-D6760348BC20}.Release|Any CPU.ActiveCfg = Release|Any CPU
		{312DD455-1C56-431F-8532-D6760348BC20}.Release|Any CPU.Build.0 = Release|Any CPU
		{312DD455-1C56-431F-8532-D6760348BC20}.Release|Any CPU.Deploy.0 = Release|Any CPU
		{312DD455-1C56-431F-8532-D6760348BC20}.Release|ARM.ActiveCfg = Release|Any CPU
		{312DD455-1C56-431F-8532-D6760348BC20}.Release|ARM.Build.0 = Release|Any CPU
		{312DD455-1C56-431F-8532-D6760348BC20}.Release|ARM.Deploy.0 = Release|Any CPU
		{312DD455-1C56-431F-8532-D6760348BC20}.Release|iPhone.ActiveCfg = Release|Any CPU
		{312DD455-1C56-431F-8532-D6760348BC20}.Release|iPhone.Build.0 = Release|Any CPU
		{312DD455-1C56-431F-8532-D6760348BC20}.Release|iPhone.Deploy.0 = Release|Any CPU
		{312DD455-1C56-431F-8532-D6760348BC20}.Release|iPhoneSimulator.ActiveCfg = Release|Any CPU
		{312DD455-1C56-431F-8532-D6760348BC20}.Release|iPhoneSimulator.Build.0 = Release|Any CPU
		{312DD455-1C56-431F-8532-D6760348BC20}.Release|iPhoneSimulator.Deploy.0 = Release|Any CPU
		{312DD455-1C56-431F-8532-D6760348BC20}.Release|x64.ActiveCfg = Release|Any CPU
		{312DD455-1C56-431F-8532-D6760348BC20}.Release|x64.Build.0 = Release|Any CPU
		{312DD455-1C56-431F-8532-D6760348BC20}.Release|x64.Deploy.0 = Release|Any CPU
		{312DD455-1C56-431F-8532-D6760348BC20}.Release|x86.ActiveCfg = Release|Any CPU
		{312DD455-1C56-431F-8532-D6760348BC20}.Release|x86.Build.0 = Release|Any CPU
		{312DD455-1C56-431F-8532-D6760348BC20}.Release|x86.Deploy.0 = Release|Any CPU
	EndGlobalSection
	GlobalSection(SolutionProperties) = preSolution
		HideSolutionNode = FALSE
	EndGlobalSection
	GlobalSection(ExtensibilityGlobals) = postSolution
		SolutionGuid = {3EA4C23B-4242-4144-9DD3-7415811ACD08}
	EndGlobalSection
EndGlobal
